
Microsoft Visual Studio Solution File, Format Version 12.00
# Visual Studio Version 16
VisualStudioVersion = 16.0.29001.49
MinimumVisualStudioVersion = 10.0.40219.1
Project("{FAE04EC0-301F-11D3-BF4B-00C04F79EFBC}") = "XF.RestAPI.Android", "XF.RestAPI\XF.RestAPI.Android\XF.RestAPI.Android.csproj", "{84A79AC0-774E-48F8-ABA9-0B258CE4F59F}"
EndProject
Project("{FAE04EC0-301F-11D3-BF4B-00C04F79EFBC}") = "XF.RestAPI.iOS", "XF.RestAPI\XF.RestAPI.iOS\XF.RestAPI.iOS.csproj", "{FE5A146F-5049-407D-8430-F205270337A1}"
EndProject
Project("{9A19103F-16F7-4668-BE54-9A1E7A4F7556}") = "XF.RestAPI", "XF.RestAPI\XF.RestAPI\XF.RestAPI.csproj", "{E5E46188-BC58-4D42-A95F-62793615B732}"
EndProject
Project("{2150E333-8FDC-42A3-9474-1A3956D46DE8}") = "_Solution Items", "_Solution Items", "{831E9169-FB7D-4CFF-89F8-7AFF68156AC0}"
	ProjectSection(SolutionItems) = preProject
		.gitignore = .gitignore
	EndProjectSection
EndProject
Global
	GlobalSection(SolutionConfigurationPlatforms) = preSolution
		Debug|Any CPU = Debug|Any CPU
		Debug|iPhone = Debug|iPhone
		Debug|iPhoneSimulator = Debug|iPhoneSimulator
		Release|Any CPU = Release|Any CPU
		Release|iPhone = Release|iPhone
		Release|iPhoneSimulator = Release|iPhoneSimulator
	EndGlobalSection
	GlobalSection(ProjectConfigurationPlatforms) = postSolution
		{84A79AC0-774E-48F8-ABA9-0B258CE4F59F}.Debug|Any CPU.ActiveCfg = Debug|Any CPU
		{84A79AC0-774E-48F8-ABA9-0B258CE4F59F}.Debug|Any CPU.Build.0 = Debug|Any CPU
		{84A79AC0-774E-48F8-ABA9-0B258CE4F59F}.Debug|Any CPU.Deploy.0 = Debug|Any CPU
		{84A79AC0-774E-48F8-ABA9-0B258CE4F59F}.Debug|iPhone.ActiveCfg = Debug|Any CPU
		{84A79AC0-774E-48F8-ABA9-0B258CE4F59F}.Debug|iPhone.Build.0 = Debug|Any CPU
		{84A79AC0-774E-48F8-ABA9-0B258CE4F59F}.Debug|iPhone.Deploy.0 = Debug|Any CPU
		{84A79AC0-774E-48F8-ABA9-0B258CE4F59F}.Debug|iPhoneSimulator.ActiveCfg = Debug|Any CPU
		{84A79AC0-774E-48F8-ABA9-0B258CE4F59F}.Debug|iPhoneSimulator.Build.0 = Debug|Any CPU
		{84A79AC0-774E-48F8-ABA9-0B258CE4F59F}.Debug|iPhoneSimulator.Deploy.0 = Debug|Any CPU
		{84A79AC0-774E-48F8-ABA9-0B258CE4F59F}.Release|Any CPU.ActiveCfg = Release|Any CPU
		{84A79AC0-774E-48F8-ABA9-0B258CE4F59F}.Release|Any CPU.Build.0 = Release|Any CPU
		{84A79AC0-774E-48F8-ABA9-0B258CE4F59F}.Release|Any CPU.Deploy.0 = Release|Any CPU
		{84A79AC0-774E-48F8-ABA9-0B258CE4F59F}.Release|iPhone.ActiveCfg = Release|Any CPU
		{84A79AC0-774E-48F8-ABA9-0B258CE4F59F}.Release|iPhone.Build.0 = Release|Any CPU
		{84A79AC0-774E-48F8-ABA9-0B258CE4F59F}.Release|iPhone.Deploy.0 = Release|Any CPU
		{84A79AC0-774E-48F8-ABA9-0B258CE4F59F}.Release|iPhoneSimulator.ActiveCfg = Release|Any CPU
		{84A79AC0-774E-48F8-ABA9-0B258CE4F59F}.Release|iPhoneSimulator.Build.0 = Release|Any CPU
		{84A79AC0-774E-48F8-ABA9-0B258CE4F59F}.Release|iPhoneSimulator.Deploy.0 = Release|Any CPU
		{FE5A146F-5049-407D-8430-F205270337A1}.Debug|Any CPU.ActiveCfg = Debug|iPhoneSimulator
		{FE5A146F-5049-407D-8430-F205270337A1}.Debug|Any CPU.Build.0 = Debug|iPhoneSimulator
		{FE5A146F-5049-407D-8430-F205270337A1}.Debug|Any CPU.Deploy.0 = Debug|iPhoneSimulator
		{FE5A146F-5049-407D-8430-F205270337A1}.Debug|iPhone.ActiveCfg = Debug|iPhone
		{FE5A146F-5049-407D-8430-F205270337A1}.Debug|iPhone.Build.0 = Debug|iPhone
		{FE5A146F-5049-407D-8430-F205270337A1}.Debug|iPhone.Deploy.0 = Debug|iPhone
		{FE5A146F-5049-407D-8430-F205270337A1}.Debug|iPhoneSimulator.ActiveCfg = Debug|iPhoneSimulator
		{FE5A146F-5049-407D-8430-F205270337A1}.Debug|iPhoneSimulator.Build.0 = Debug|iPhoneSimulator
		{FE5A146F-5049-407D-8430-F205270337A1}.Debug|iPhoneSimulator.Deploy.0 = Debug|iPhoneSimulator
		{FE5A146F-5049-407D-8430-F205270337A1}.Release|Any CPU.ActiveCfg = Release|iPhone
		{FE5A146F-5049-407D-8430-F205270337A1}.Release|Any CPU.Build.0 = Release|iPhone
		{FE5A146F-5049-407D-8430-F205270337A1}.Release|Any CPU.Deploy.0 = Release|iPhone
		{FE5A146F-5049-407D-8430-F205270337A1}.Release|iPhone.ActiveCfg = Release|iPhone
		{FE5A146F-5049-407D-8430-F205270337A1}.Release|iPhone.Build.0 = Release|iPhone
		{FE5A146F-5049-407D-8430-F205270337A1}.Release|iPhone.Deploy.0 = Release|iPhone
		{FE5A146F-5049-407D-8430-F205270337A1}.Release|iPhoneSimulator.ActiveCfg = Release|iPhoneSimulator
		{FE5A146F-5049-407D-8430-F205270337A1}.Release|iPhoneSimulator.Build.0 = Release|iPhoneSimulator
		{FE5A146F-5049-407D-8430-F205270337A1}.Release|iPhoneSimulator.Deploy.0 = Release|iPhoneSimulator
		{E5E46188-BC58-4D42-A95F-62793615B732}.Debug|Any CPU.ActiveCfg = Debug|Any CPU
		{E5E46188-BC58-4D42-A95F-62793615B732}.Debug|Any CPU.Build.0 = Debug|Any CPU
		{E5E46188-BC58-4D42-A95F-62793615B732}.Debug|Any CPU.Deploy.0 = Debug|Any CPU
		{E5E46188-BC58-4D42-A95F-62793615B732}.Debug|iPhone.ActiveCfg = Debug|Any CPU
		{E5E46188-BC58-4D42-A95F-62793615B732}.Debug|iPhone.Build.0 = Debug|Any CPU
		{E5E46188-BC58-4D42-A95F-62793615B732}.Debug|iPhone.Deploy.0 = Debug|Any CPU
		{E5E46188-BC58-4D42-A95F-62793615B732}.Debug|iPhoneSimulator.ActiveCfg = Debug|Any CPU
		{E5E46188-BC58-4D42-A95F-62793615B732}.Debug|iPhoneSimulator.Build.0 = Debug|Any CPU
		{E5E46188-BC58-4D42-A95F-62793615B732}.Debug|iPhoneSimulator.Deploy.0 = Debug|Any CPU
		{E5E46188-BC58-4D42-A95F-62793615B732}.Release|Any CPU.ActiveCfg = Release|Any CPU
		{E5E46188-BC58-4D42-A95F-62793615B732}.Release|Any CPU.Build.0 = Release|Any CPU
		{E5E46188-BC58-4D42-A95F-62793615B732}.Release|Any CPU.Deploy.0 = Release|Any CPU
		{E5E46188-BC58-4D42-A95F-62793615B732}.Release|iPhone.ActiveCfg = Release|Any CPU
		{E5E46188-BC58-4D42-A95F-62793615B732}.Release|iPhone.Build.0 = Release|Any CPU
		{E5E46188-BC58-4D42-A95F-62793615B732}.Release|iPhone.Deploy.0 = Release|Any CPU
		{E5E46188-BC58-4D42-A95F-62793615B732}.Release|iPhoneSimulator.ActiveCfg = Release|Any CPU
		{E5E46188-BC58-4D42-A95F-62793615B732}.Release|iPhoneSimulator.Build.0 = Release|Any CPU
		{E5E46188-BC58-4D42-A95F-62793615B732}.Release|iPhoneSimulator.Deploy.0 = Release|Any CPU
	EndGlobalSection
	GlobalSection(SolutionProperties) = preSolution
		HideSolutionNode = FALSE
	EndGlobalSection
	GlobalSection(ExtensibilityGlobals) = postSolution
		SolutionGuid = {9DF29EA5-FB8B-4CE2-B112-10F8F398E862}
	EndGlobalSection
EndGlobal
